
Microsoft Visual Studio Solution File, Format Version 12.00
# Visual Studio 15
VisualStudioVersion = 15.0.28307.168
MinimumVisualStudioVersion = 10.0.40219.1
Project("{FAE04EC0-301F-11D3-BF4B-00C04F79EFBC}") = "SpecdriverBehance", "SpecdriverBehance.csproj", "{7DE5E9F5-A9D0-473F-BC27-95B4E40AE73F}"
EndProject
Global
	GlobalSection(SolutionConfigurationPlatforms) = preSolution
		Debug|Any CPU = Debug|Any CPU
		Release|Any CPU = Release|Any CPU
	EndGlobalSection
	GlobalSection(ProjectConfigurationPlatforms) = postSolution
		{7DE5E9F5-A9D0-473F-BC27-95B4E40AE73F}.Debug|Any CPU.ActiveCfg = Debug|Any CPU
		{7DE5E9F5-A9D0-473F-BC27-95B4E40AE73F}.Debug|Any CPU.Build.0 = Debug|Any CPU
		{7DE5E9F5-A9D0-473F-BC27-95B4E40AE73F}.Release|Any CPU.ActiveCfg = Release|Any CPU
		{7DE5E9F5-A9D0-473F-BC27-95B4E40AE73F}.Release|Any CPU.Build.0 = Release|Any CPU
	EndGlobalSection
	GlobalSection(SolutionProperties) = preSolution
		HideSolutionNode = FALSE
	EndGlobalSection
	GlobalSection(ExtensibilityGlobals) = postSolution
		SolutionGuid = {3D12435F-E9D4-47A9-A333-8D72C66EE51C}
	EndGlobalSection
EndGlobal
